<?xml version="1.0" encoding="utf-8"?>
<Project ToolsVersion="15.0" xmlns="http://schemas.microsoft.com/developer/msbuild/2003">
  <ItemGroup>
    <ClCompile Include="pch.cpp" />
    <ClCompile Include="$(GeneratedFilesDir)module.g.cpp" />
  </ItemGroup>
  <ItemGroup>
    <ClInclude Include="pch.h" />
  </ItemGroup>
  <ItemGroup>
    <None Include="ClassLibrary.def" />
    <None Include="packages.config" />
  </ItemGroup>
  <ItemGroup>
    <Page Include="UserControl.xaml" />
  </ItemGroup>
  <ItemGroup>
    <PRIResource Include="Resources.language-en-US.resw">
      <Filter>Strings</Filter>
    </PRIResource>
    <PRIResource Include="Resources.language-zh-CN.resw">
      <Filter>Strings</Filter>
    </PRIResource>
  </ItemGroup>
  <ItemGroup>
    <Filter Include="Strings">
      <UniqueIdentifier>{f5d58a84-d9af-421e-b43a-8bc0823e7ced}</UniqueIdentifier>
    </Filter>
  </ItemGroup>
</Project>