
Microsoft Visual Studio Solution File, Format Version 12.00
# Visual Studio Version 17
VisualStudioVersion = 17.1.32228.430
MinimumVisualStudioVersion = 10.0.40219.1
Project("{8BC9CEB8-8B4A-11D0-8D11-00A0C91BC942}") = "XamlIslandsCpp", "src\XamlIslandsCpp\XamlIslandsCpp.vcxproj", "{1239537C-E5B8-427A-9E7F-EA443D1F3529}"
EndProject
Project("{2150E333-8FDC-42A3-9474-1A3956D46DE8}") = "Solution Items", "Solution Items", "{00AB63C3-0CD3-4944-B8E6-58C86138618D}"
	ProjectSection(SolutionItems) = preProject
		src\Common.Pre.props = src\Common.Pre.props
		src\Common.Post.props = src\Common.Post.props
		src\HybridCRT.props = src\HybridCRT.props
		src\WinUI.targets = src\WinUI.targets
	EndProjectSection
EndProject
Project("{C7167F0D-BC9F-4E6E-AFE1-012C56B48DB5}") = "AppPackage", "src\AppPackage\AppPackage.wapproj", "{E3AA150F-D6E7-44AB-B8D8-EF290C0889EF}"
EndProject
Project("{8BC9CEB8-8B4A-11D0-8D11-00A0C91BC942}") = "ClassLibrary", "src\ClassLibrary\ClassLibrary.vcxproj", "{2EA4389B-027B-4D0B-98BC-233607B540A6}"
EndProject
Global
	GlobalSection(SolutionConfigurationPlatforms) = preSolution
		Debug|ARM64 = Debug|ARM64
		Debug|x64 = Debug|x64
		DebugPackaged|ARM64 = DebugPackaged|ARM64
		DebugPackaged|x64 = DebugPackaged|x64
		Release|ARM64 = Release|ARM64
		Release|x64 = Release|x64
		ReleasePackaged|ARM64 = ReleasePackaged|ARM64
		ReleasePackaged|x64 = ReleasePackaged|x64
	EndGlobalSection
	GlobalSection(ProjectConfigurationPlatforms) = postSolution
		{1239537C-E5B8-427A-9E7F-EA443D1F3529}.Debug|ARM64.ActiveCfg = Debug|ARM64
		{1239537C-E5B8-427A-9E7F-EA443D1F3529}.Debug|ARM64.Build.0 = Debug|ARM64
		{1239537C-E5B8-427A-9E7F-EA443D1F3529}.Debug|x64.ActiveCfg = Debug|x64
		{1239537C-E5B8-427A-9E7F-EA443D1F3529}.Debug|x64.Build.0 = Debug|x64
		{1239537C-E5B8-427A-9E7F-EA443D1F3529}.DebugPackaged|ARM64.ActiveCfg = DebugPackaged|ARM64
		{1239537C-E5B8-427A-9E7F-EA443D1F3529}.DebugPackaged|ARM64.Build.0 = DebugPackaged|ARM64
		{1239537C-E5B8-427A-9E7F-EA443D1F3529}.DebugPackaged|x64.ActiveCfg = DebugPackaged|x64
		{1239537C-E5B8-427A-9E7F-EA443D1F3529}.DebugPackaged|x64.Build.0 = DebugPackaged|x64
		{1239537C-E5B8-427A-9E7F-EA443D1F3529}.Release|ARM64.ActiveCfg = Release|ARM64
		{1239537C-E5B8-427A-9E7F-EA443D1F3529}.Release|ARM64.Build.0 = Release|ARM64
		{1239537C-E5B8-427A-9E7F-EA443D1F3529}.Release|x64.ActiveCfg = Release|x64
		{1239537C-E5B8-427A-9E7F-EA443D1F3529}.Release|x64.Build.0 = Release|x64
		{1239537C-E5B8-427A-9E7F-EA443D1F3529}.ReleasePackaged|ARM64.ActiveCfg = ReleasePackaged|ARM64
		{1239537C-E5B8-427A-9E7F-EA443D1F3529}.ReleasePackaged|ARM64.Build.0 = ReleasePackaged|ARM64
		{1239537C-E5B8-427A-9E7F-EA443D1F3529}.ReleasePackaged|x64.ActiveCfg = ReleasePackaged|x64
		{1239537C-E5B8-427A-9E7F-EA443D1F3529}.ReleasePackaged|x64.Build.0 = ReleasePackaged|x64
		{E3AA150F-D6E7-44AB-B8D8-EF290C0889EF}.Debug|ARM64.ActiveCfg = Debug|ARM64
		{E3AA150F-D6E7-44AB-B8D8-EF290C0889EF}.Debug|x64.ActiveCfg = Debug|x64
		{E3AA150F-D6E7-44AB-B8D8-EF290C0889EF}.DebugPackaged|ARM64.ActiveCfg = DebugPackaged|ARM64
		{E3AA150F-D6E7-44AB-B8D8-EF290C0889EF}.DebugPackaged|ARM64.Build.0 = DebugPackaged|ARM64
		{E3AA150F-D6E7-44AB-B8D8-EF290C0889EF}.DebugPackaged|ARM64.Deploy.0 = DebugPackaged|ARM64
		{E3AA150F-D6E7-44AB-B8D8-EF290C0889EF}.DebugPackaged|x64.ActiveCfg = DebugPackaged|x64
		{E3AA150F-D6E7-44AB-B8D8-EF290C0889EF}.DebugPackaged|x64.Build.0 = DebugPackaged|x64
		{E3AA150F-D6E7-44AB-B8D8-EF290C0889EF}.DebugPackaged|x64.Deploy.0 = DebugPackaged|x64
		{E3AA150F-D6E7-44AB-B8D8-EF290C0889EF}.Release|ARM64.ActiveCfg = Release|ARM64
		{E3AA150F-D6E7-44AB-B8D8-EF290C0889EF}.Release|x64.ActiveCfg = Release|x64
		{E3AA150F-D6E7-44AB-B8D8-EF290C0889EF}.ReleasePackaged|ARM64.ActiveCfg = ReleasePackaged|ARM64
		{E3AA150F-D6E7-44AB-B8D8-EF290C0889EF}.ReleasePackaged|ARM64.Build.0 = ReleasePackaged|ARM64
		{E3AA150F-D6E7-44AB-B8D8-EF290C0889EF}.ReleasePackaged|ARM64.Deploy.0 = ReleasePackaged|ARM64
		{E3AA150F-D6E7-44AB-B8D8-EF290C0889EF}.ReleasePackaged|x64.ActiveCfg = ReleasePackaged|x64
		{E3AA150F-D6E7-44AB-B8D8-EF290C0889EF}.ReleasePackaged|x64.Build.0 = ReleasePackaged|x64
		{E3AA150F-D6E7-44AB-B8D8-EF290C0889EF}.ReleasePackaged|x64.Deploy.0 = ReleasePackaged|x64
		{2EA4389B-027B-4D0B-98BC-233607B540A6}.Debug|ARM64.ActiveCfg = Debug|ARM64
		{2EA4389B-027B-4D0B-98BC-233607B540A6}.Debug|ARM64.Build.0 = Debug|ARM64
		{2EA4389B-027B-4D0B-98BC-233607B540A6}.Debug|x64.ActiveCfg = Debug|x64
		{2EA4389B-027B-4D0B-98BC-233607B540A6}.Debug|x64.Build.0 = Debug|x64
		{2EA4389B-027B-4D0B-98BC-233607B540A6}.DebugPackaged|ARM64.ActiveCfg = Debug|ARM64
		{2EA4389B-027B-4D0B-98BC-233607B540A6}.DebugPackaged|ARM64.Build.0 = Debug|ARM64
		{2EA4389B-027B-4D0B-98BC-233607B540A6}.DebugPackaged|x64.ActiveCfg = DebugPackaged|x64
		{2EA4389B-027B-4D0B-98BC-233607B540A6}.DebugPackaged|x64.Build.0 = DebugPackaged|x64
		{2EA4389B-027B-4D0B-98BC-233607B540A6}.Release|ARM64.ActiveCfg = Release|ARM64
		{2EA4389B-027B-4D0B-98BC-233607B540A6}.Release|ARM64.Build.0 = Release|ARM64
		{2EA4389B-027B-4D0B-98BC-233607B540A6}.Release|x64.ActiveCfg = Release|x64
		{2EA4389B-027B-4D0B-98BC-233607B540A6}.Release|x64.Build.0 = Release|x64
		{2EA4389B-027B-4D0B-98BC-233607B540A6}.ReleasePackaged|ARM64.ActiveCfg = Release|ARM64
		{2EA4389B-027B-4D0B-98BC-233607B540A6}.ReleasePackaged|ARM64.Build.0 = Release|ARM64
		{2EA4389B-027B-4D0B-98BC-233607B540A6}.ReleasePackaged|x64.ActiveCfg = ReleasePackaged|x64
		{2EA4389B-027B-4D0B-98BC-233607B540A6}.ReleasePackaged|x64.Build.0 = ReleasePackaged|x64
	EndGlobalSection
	GlobalSection(SolutionProperties) = preSolution
		HideSolutionNode = FALSE
	EndGlobalSection
	GlobalSection(ExtensibilityGlobals) = postSolution
		SolutionGuid = {0114F74A-3B0C-43A4-AA0E-AB36FD4935F8}
	EndGlobalSection
EndGlobal
