<?xml version="1.0" encoding="utf-8"?>
<Project ToolsVersion="4.0" xmlns="http://schemas.microsoft.com/developer/msbuild/2003">
  <ItemGroup>
    <ApplicationDefinition Include="App.xaml" />
  </ItemGroup>
  <ItemGroup>
    <Midl Include="App.idl" />
  </ItemGroup>
  <ItemGroup>
    <ClCompile Include="pch.cpp" />
    <ClCompile Include="App.cpp" />
    <ClCompile Include="$(GeneratedFilesDir)module.g.cpp" />
  </ItemGroup>
  <ItemGroup>
    <ClInclude Include="pch.h" />
  </ItemGroup>
  <ItemGroup>
    <None Include="packages.config" />
    <None Include="XamlIslandsCpp.App.def" />
    <None Include="Settings.idl" />
  </ItemGroup>
  <ItemGroup>
    <Page Include="RootPage.xaml" />
    <Page Include="TitleBarControl.xaml">
      <Filter>Controls</Filter>
    </Page>
    <Page Include="CaptionButtonsControl.xaml">
      <Filter>Controls</Filter>
    </Page>
  </ItemGroup>
  <ItemGroup>
    <PRIResource Include="Resources.language-en-US.resw">
      <Filter>Strings</Filter>
    </PRIResource>
    <PRIResource Include="Resources.language-zh-CN.resw">
      <Filter>Strings</Filter>
    </PRIResource>
  </ItemGroup>
  <ItemGroup>
    <Filter Include="Strings">
      <UniqueIdentifier>{5eada0b6-44d6-43f3-b681-72c03b51659b}</UniqueIdentifier>
    </Filter>
    <Filter Include="Controls">
      <UniqueIdentifier>{1e0add64-b965-43a0-9877-611a5bf0af6e}</UniqueIdentifier>
    </Filter>
  </ItemGroup>
</Project>